
Microsoft Visual Studio Solution File, Format Version 11.00
# Visual Studio 2010
Project("{FAE04EC0-301F-11D3-BF4B-00C04F79EFBC}") = "Assembly-CSharp", "Assembly-CSharp.csproj", "{C1ED94B7-FB38-7E51-1E4A-439AE0B48288}"
EndProject
Project("{FAE04EC0-301F-11D3-BF4B-00C04F79EFBC}") = "Assembly-CSharp-Editor", "Assembly-CSharp-Editor.csproj", "{BDBB0FFB-D06D-CB0F-F68E-9997A42C301B}"
EndProject
Global
	GlobalSection(SolutionConfigurationPlatforms) = preSolution
		Debug|Any CPU = Debug|Any CPU
		Release|Any CPU = Release|Any CPU
	EndGlobalSection
	GlobalSection(ProjectConfigurationPlatforms) = postSolution
		{C1ED94B7-FB38-7E51-1E4A-439AE0B48288}.Debug|Any CPU.ActiveCfg = Debug|Any CPU
		{C1ED94B7-FB38-7E51-1E4A-439AE0B48288}.Debug|Any CPU.Build.0 = Debug|Any CPU
		{C1ED94B7-FB38-7E51-1E4A-439AE0B48288}.Release|Any CPU.ActiveCfg = Release|Any CPU
		{C1ED94B7-FB38-7E51-1E4A-439AE0B48288}.Release|Any CPU.Build.0 = Release|Any CPU
		{BDBB0FFB-D06D-CB0F-F68E-9997A42C301B}.Debug|Any CPU.ActiveCfg = Debug|Any CPU
		{BDBB0FFB-D06D-CB0F-F68E-9997A42C301B}.Debug|Any CPU.Build.0 = Debug|Any CPU
		{BDBB0FFB-D06D-CB0F-F68E-9997A42C301B}.Release|Any CPU.ActiveCfg = Release|Any CPU
		{BDBB0FFB-D06D-CB0F-F68E-9997A42C301B}.Release|Any CPU.Build.0 = Release|Any CPU
	EndGlobalSection
	GlobalSection(SolutionProperties) = preSolution
		HideSolutionNode = FALSE
	EndGlobalSection
EndGlobal
